
Microsoft Visual Studio Solution File, Format Version 12.00
# Visual Studio 2013
VisualStudioVersion = 12.0.21005.1
MinimumVisualStudioVersion = 10.0.40219.1
Project("{FAE04EC0-301F-11D3-BF4B-00C04F79EFBC}") = "iphone6", "界面系统1.7\iphone6.csproj", "{E16416D2-0E9C-48D3-A588-D873C7DF6608}"
EndProject
Global
	GlobalSection(SolutionConfigurationPlatforms) = preSolution
		Debug|Any CPU = Debug|Any CPU
		Release|Any CPU = Release|Any CPU
	EndGlobalSection
	GlobalSection(ProjectConfigurationPlatforms) = postSolution
		{E16416D2-0E9C-48D3-A588-D873C7DF6608}.Debug|Any CPU.ActiveCfg = Debug|Any CPU
		{E16416D2-0E9C-48D3-A588-D873C7DF6608}.Debug|Any CPU.Build.0 = Debug|Any CPU
		{E16416D2-0E9C-48D3-A588-D873C7DF6608}.Release|Any CPU.ActiveCfg = Release|Any CPU
		{E16416D2-0E9C-48D3-A588-D873C7DF6608}.Release|Any CPU.Build.0 = Release|Any CPU
	EndGlobalSection
	GlobalSection(SolutionProperties) = preSolution
		HideSolutionNode = FALSE
	EndGlobalSection
EndGlobal
